
Microsoft Visual Studio Solution File, Format Version 12.00
# Visual Studio Version 16
VisualStudioVersion = 16.0.31424.327
MinimumVisualStudioVersion = 10.0.40219.1
Project("{FAE04EC0-301F-11D3-BF4B-00C04F79EFBC}") = "DapperTest", "DapperTest\DapperTest.csproj", "{13F661FD-570F-41D0-BC49-D8D362D67560}"
EndProject
Global
	GlobalSection(SolutionConfigurationPlatforms) = preSolution
		Debug|Any CPU = Debug|Any CPU
		Release|Any CPU = Release|Any CPU
	EndGlobalSection
	GlobalSection(ProjectConfigurationPlatforms) = postSolution
		{13F661FD-570F-41D0-BC49-D8D362D67560}.Debug|Any CPU.ActiveCfg = Debug|Any CPU
		{13F661FD-570F-41D0-BC49-D8D362D67560}.Debug|Any CPU.Build.0 = Debug|Any CPU
		{13F661FD-570F-41D0-BC49-D8D362D67560}.Release|Any CPU.ActiveCfg = Release|Any CPU
		{13F661FD-570F-41D0-BC49-D8D362D67560}.Release|Any CPU.Build.0 = Release|Any CPU
	EndGlobalSection
	GlobalSection(SolutionProperties) = preSolution
		HideSolutionNode = FALSE
	EndGlobalSection
	GlobalSection(ExtensibilityGlobals) = postSolution
		SolutionGuid = {0D17AB91-641A-47B7-8F84-A9F6CE0F2F7D}
	EndGlobalSection
EndGlobal
